
Microsoft Visual Studio Solution File, Format Version 12.00
# Visual Studio Version 17
VisualStudioVersion = 17.4.33110.190
MinimumVisualStudioVersion = 10.0.40219.1
Project("{FAE04EC0-301F-11D3-BF4B-00C04F79EFBC}") = "lab OOP OOA", "lab OOP OOA\lab OOP OOA.csproj", "{B109BB28-5CFA-4395-B6AB-D47DC33CBE02}"
EndProject
Global
	GlobalSection(SolutionConfigurationPlatforms) = preSolution
		Debug|Any CPU = Debug|Any CPU
		Release|Any CPU = Release|Any CPU
	EndGlobalSection
	GlobalSection(ProjectConfigurationPlatforms) = postSolution
		{B109BB28-5CFA-4395-B6AB-D47DC33CBE02}.Debug|Any CPU.ActiveCfg = Debug|Any CPU
		{B109BB28-5CFA-4395-B6AB-D47DC33CBE02}.Debug|Any CPU.Build.0 = Debug|Any CPU
		{B109BB28-5CFA-4395-B6AB-D47DC33CBE02}.Release|Any CPU.ActiveCfg = Release|Any CPU
		{B109BB28-5CFA-4395-B6AB-D47DC33CBE02}.Release|Any CPU.Build.0 = Release|Any CPU
	EndGlobalSection
	GlobalSection(SolutionProperties) = preSolution
		HideSolutionNode = FALSE
	EndGlobalSection
	GlobalSection(ExtensibilityGlobals) = postSolution
		SolutionGuid = {EDD3C194-26A9-4471-942E-C8B01225D374}
	EndGlobalSection
EndGlobal
